
Microsoft Visual Studio Solution File, Format Version 12.00
# Visual Studio Version 17
VisualStudioVersion = 17.7.34202.233
MinimumVisualStudioVersion = 10.0.40219.1
Project("{FAE04EC0-301F-11D3-BF4B-00C04F79EFBC}") = "WebAPI", "WebAPI\WebAPI.csproj", "{DA47B23A-3862-4466-A214-F055F42E0811}"
EndProject
Project("{FAE04EC0-301F-11D3-BF4B-00C04F79EFBC}") = "Ardelean_Alexandra_Lab11", "Ardelean_Alexandra_Lab11\Ardelean_Alexandra_Lab11.csproj", "{363BD2B1-E441-45B5-8C0E-2BEDF1D54657}"
EndProject
Global
	GlobalSection(SolutionConfigurationPlatforms) = preSolution
		Debug|Any CPU = Debug|Any CPU
		Release|Any CPU = Release|Any CPU
	EndGlobalSection
	GlobalSection(ProjectConfigurationPlatforms) = postSolution
		{DA47B23A-3862-4466-A214-F055F42E0811}.Debug|Any CPU.ActiveCfg = Debug|Any CPU
		{DA47B23A-3862-4466-A214-F055F42E0811}.Debug|Any CPU.Build.0 = Debug|Any CPU
		{DA47B23A-3862-4466-A214-F055F42E0811}.Release|Any CPU.ActiveCfg = Release|Any CPU
		{DA47B23A-3862-4466-A214-F055F42E0811}.Release|Any CPU.Build.0 = Release|Any CPU
		{363BD2B1-E441-45B5-8C0E-2BEDF1D54657}.Debug|Any CPU.ActiveCfg = Debug|Any CPU
		{363BD2B1-E441-45B5-8C0E-2BEDF1D54657}.Debug|Any CPU.Build.0 = Debug|Any CPU
		{363BD2B1-E441-45B5-8C0E-2BEDF1D54657}.Debug|Any CPU.Deploy.0 = Debug|Any CPU
		{363BD2B1-E441-45B5-8C0E-2BEDF1D54657}.Release|Any CPU.ActiveCfg = Release|Any CPU
		{363BD2B1-E441-45B5-8C0E-2BEDF1D54657}.Release|Any CPU.Build.0 = Release|Any CPU
		{363BD2B1-E441-45B5-8C0E-2BEDF1D54657}.Release|Any CPU.Deploy.0 = Release|Any CPU
	EndGlobalSection
	GlobalSection(SolutionProperties) = preSolution
		HideSolutionNode = FALSE
	EndGlobalSection
	GlobalSection(ExtensibilityGlobals) = postSolution
		SolutionGuid = {317990F1-1AA4-4A36-9915-7AEF5BBEB58F}
	EndGlobalSection
EndGlobal
